
Microsoft Visual Studio Solution File, Format Version 12.00
# Visual Studio 15
VisualStudioVersion = 15.0.28307.102
MinimumVisualStudioVersion = 10.0.40219.1
Project("{FAE04EC0-301F-11D3-BF4B-00C04F79EFBC}") = "CrossPlatformAppTest.Android", "CrossPlatformAppTest\CrossPlatformAppTest.Android\CrossPlatformAppTest.Android.csproj", "{552D6333-E5FB-49A8-8FE8-F1848149F42E}"
EndProject
Project("{FAE04EC0-301F-11D3-BF4B-00C04F79EFBC}") = "CrossPlatformAppTest.iOS", "CrossPlatformAppTest\CrossPlatformAppTest.iOS\CrossPlatformAppTest.iOS.csproj", "{F1C4AC7A-1FFD-4709-88DD-DF3E4BD36AB8}"
EndProject
Project("{FAE04EC0-301F-11D3-BF4B-00C04F79EFBC}") = "CrossPlatformAppTest", "CrossPlatformAppTest\CrossPlatformAppTest\CrossPlatformAppTest.csproj", "{B9B2416B-69D2-4287-B27C-D6B1A0E064F2}"
EndProject
Project("{FAE04EC0-301F-11D3-BF4B-00C04F79EFBC}") = "VMSAdapter", "VMSAdapter\VMSAdapter.csproj", "{01228E7A-5012-4F16-9D86-C63712C50F4D}"
EndProject
Project("{FAE04EC0-301F-11D3-BF4B-00C04F79EFBC}") = "DBMaster", "DBMaster\DBMaster.csproj", "{7E9EC4EB-6CB9-4A35-A976-23539498C399}"
EndProject
Project("{9A19103F-16F7-4668-BE54-9A1E7A4F7556}") = "VCSL", "VCSLibrary\VCSL.csproj", "{D8F2C69A-70EF-4D5A-9FB8-96C79E885F48}"
EndProject
Global
	GlobalSection(SolutionConfigurationPlatforms) = preSolution
		Ad-Hoc|Any CPU = Ad-Hoc|Any CPU
		Ad-Hoc|iPhone = Ad-Hoc|iPhone
		Ad-Hoc|iPhoneSimulator = Ad-Hoc|iPhoneSimulator
		AppStore|Any CPU = AppStore|Any CPU
		AppStore|iPhone = AppStore|iPhone
		AppStore|iPhoneSimulator = AppStore|iPhoneSimulator
		Debug|Any CPU = Debug|Any CPU
		Debug|iPhone = Debug|iPhone
		Debug|iPhoneSimulator = Debug|iPhoneSimulator
		Release|Any CPU = Release|Any CPU
		Release|iPhone = Release|iPhone
		Release|iPhoneSimulator = Release|iPhoneSimulator
	EndGlobalSection
	GlobalSection(ProjectConfigurationPlatforms) = postSolution
		{552D6333-E5FB-49A8-8FE8-F1848149F42E}.Ad-Hoc|Any CPU.ActiveCfg = Release|Any CPU
		{552D6333-E5FB-49A8-8FE8-F1848149F42E}.Ad-Hoc|Any CPU.Build.0 = Release|Any CPU
		{552D6333-E5FB-49A8-8FE8-F1848149F42E}.Ad-Hoc|Any CPU.Deploy.0 = Release|Any CPU
		{552D6333-E5FB-49A8-8FE8-F1848149F42E}.Ad-Hoc|iPhone.ActiveCfg = Release|Any CPU
		{552D6333-E5FB-49A8-8FE8-F1848149F42E}.Ad-Hoc|iPhone.Build.0 = Release|Any CPU
		{552D6333-E5FB-49A8-8FE8-F1848149F42E}.Ad-Hoc|iPhone.Deploy.0 = Release|Any CPU
		{552D6333-E5FB-49A8-8FE8-F1848149F42E}.Ad-Hoc|iPhoneSimulator.ActiveCfg = Release|Any CPU
		{552D6333-E5FB-49A8-8FE8-F1848149F42E}.Ad-Hoc|iPhoneSimulator.Build.0 = Release|Any CPU
		{552D6333-E5FB-49A8-8FE8-F1848149F42E}.Ad-Hoc|iPhoneSimulator.Deploy.0 = Release|Any CPU
		{552D6333-E5FB-49A8-8FE8-F1848149F42E}.AppStore|Any CPU.ActiveCfg = Release|Any CPU
		{552D6333-E5FB-49A8-8FE8-F1848149F42E}.AppStore|Any CPU.Build.0 = Release|Any CPU
		{552D6333-E5FB-49A8-8FE8-F1848149F42E}.AppStore|Any CPU.Deploy.0 = Release|Any CPU
		{552D6333-E5FB-49A8-8FE8-F1848149F42E}.AppStore|iPhone.ActiveCfg = Release|Any CPU
		{552D6333-E5FB-49A8-8FE8-F1848149F42E}.AppStore|iPhone.Build.0 = Release|Any CPU
		{552D6333-E5FB-49A8-8FE8-F1848149F42E}.AppStore|iPhone.Deploy.0 = Release|Any CPU
		{552D6333-E5FB-49A8-8FE8-F1848149F42E}.AppStore|iPhoneSimulator.ActiveCfg = Release|Any CPU
		{552D6333-E5FB-49A8-8FE8-F1848149F42E}.AppStore|iPhoneSimulator.Build.0 = Release|Any CPU
		{552D6333-E5FB-49A8-8FE8-F1848149F42E}.AppStore|iPhoneSimulator.Deploy.0 = Release|Any CPU
		{552D6333-E5FB-49A8-8FE8-F1848149F42E}.Debug|Any CPU.ActiveCfg = Debug|Any CPU
		{552D6333-E5FB-49A8-8FE8-F1848149F42E}.Debug|Any CPU.Build.0 = Debug|Any CPU
		{552D6333-E5FB-49A8-8FE8-F1848149F42E}.Debug|Any CPU.Deploy.0 = Debug|Any CPU
		{552D6333-E5FB-49A8-8FE8-F1848149F42E}.Debug|iPhone.ActiveCfg = Debug|Any CPU
		{552D6333-E5FB-49A8-8FE8-F1848149F42E}.Debug|iPhone.Build.0 = Debug|Any CPU
		{552D6333-E5FB-49A8-8FE8-F1848149F42E}.Debug|iPhone.Deploy.0 = Debug|Any CPU
		{552D6333-E5FB-49A8-8FE8-F1848149F42E}.Debug|iPhoneSimulator.ActiveCfg = Debug|Any CPU
		{552D6333-E5FB-49A8-8FE8-F1848149F42E}.Debug|iPhoneSimulator.Build.0 = Debug|Any CPU
		{552D6333-E5FB-49A8-8FE8-F1848149F42E}.Debug|iPhoneSimulator.Deploy.0 = Debug|Any CPU
		{552D6333-E5FB-49A8-8FE8-F1848149F42E}.Release|Any CPU.ActiveCfg = Release|Any CPU
		{552D6333-E5FB-49A8-8FE8-F1848149F42E}.Release|Any CPU.Build.0 = Release|Any CPU
		{552D6333-E5FB-49A8-8FE8-F1848149F42E}.Release|Any CPU.Deploy.0 = Release|Any CPU
		{552D6333-E5FB-49A8-8FE8-F1848149F42E}.Release|iPhone.ActiveCfg = Release|Any CPU
		{552D6333-E5FB-49A8-8FE8-F1848149F42E}.Release|iPhone.Build.0 = Release|Any CPU
		{552D6333-E5FB-49A8-8FE8-F1848149F42E}.Release|iPhone.Deploy.0 = Release|Any CPU
		{552D6333-E5FB-49A8-8FE8-F1848149F42E}.Release|iPhoneSimulator.ActiveCfg = Release|Any CPU
		{552D6333-E5FB-49A8-8FE8-F1848149F42E}.Release|iPhoneSimulator.Build.0 = Release|Any CPU
		{552D6333-E5FB-49A8-8FE8-F1848149F42E}.Release|iPhoneSimulator.Deploy.0 = Release|Any CPU
		{F1C4AC7A-1FFD-4709-88DD-DF3E4BD36AB8}.Ad-Hoc|Any CPU.ActiveCfg = Ad-Hoc|iPhone
		{F1C4AC7A-1FFD-4709-88DD-DF3E4BD36AB8}.Ad-Hoc|Any CPU.Build.0 = Ad-Hoc|iPhone
		{F1C4AC7A-1FFD-4709-88DD-DF3E4BD36AB8}.Ad-Hoc|Any CPU.Deploy.0 = Ad-Hoc|iPhone
		{F1C4AC7A-1FFD-4709-88DD-DF3E4BD36AB8}.Ad-Hoc|iPhone.ActiveCfg = Ad-Hoc|iPhone
		{F1C4AC7A-1FFD-4709-88DD-DF3E4BD36AB8}.Ad-Hoc|iPhone.Build.0 = Ad-Hoc|iPhone
		{F1C4AC7A-1FFD-4709-88DD-DF3E4BD36AB8}.Ad-Hoc|iPhone.Deploy.0 = Ad-Hoc|iPhone
		{F1C4AC7A-1FFD-4709-88DD-DF3E4BD36AB8}.Ad-Hoc|iPhoneSimulator.ActiveCfg = Ad-Hoc|iPhoneSimulator
		{F1C4AC7A-1FFD-4709-88DD-DF3E4BD36AB8}.Ad-Hoc|iPhoneSimulator.Build.0 = Ad-Hoc|iPhoneSimulator
		{F1C4AC7A-1FFD-4709-88DD-DF3E4BD36AB8}.Ad-Hoc|iPhoneSimulator.Deploy.0 = Ad-Hoc|iPhoneSimulator
		{F1C4AC7A-1FFD-4709-88DD-DF3E4BD36AB8}.AppStore|Any CPU.ActiveCfg = AppStore|iPhone
		{F1C4AC7A-1FFD-4709-88DD-DF3E4BD36AB8}.AppStore|Any CPU.Build.0 = AppStore|iPhone
		{F1C4AC7A-1FFD-4709-88DD-DF3E4BD36AB8}.AppStore|Any CPU.Deploy.0 = AppStore|iPhone
		{F1C4AC7A-1FFD-4709-88DD-DF3E4BD36AB8}.AppStore|iPhone.ActiveCfg = AppStore|iPhone
		{F1C4AC7A-1FFD-4709-88DD-DF3E4BD36AB8}.AppStore|iPhone.Build.0 = AppStore|iPhone
		{F1C4AC7A-1FFD-4709-88DD-DF3E4BD36AB8}.AppStore|iPhone.Deploy.0 = AppStore|iPhone
		{F1C4AC7A-1FFD-4709-88DD-DF3E4BD36AB8}.AppStore|iPhoneSimulator.ActiveCfg = AppStore|iPhoneSimulator
		{F1C4AC7A-1FFD-4709-88DD-DF3E4BD36AB8}.AppStore|iPhoneSimulator.Build.0 = AppStore|iPhoneSimulator
		{F1C4AC7A-1FFD-4709-88DD-DF3E4BD36AB8}.AppStore|iPhoneSimulator.Deploy.0 = AppStore|iPhoneSimulator
		{F1C4AC7A-1FFD-4709-88DD-DF3E4BD36AB8}.Debug|Any CPU.ActiveCfg = Debug|iPhoneSimulator
		{F1C4AC7A-1FFD-4709-88DD-DF3E4BD36AB8}.Debug|Any CPU.Build.0 = Debug|iPhoneSimulator
		{F1C4AC7A-1FFD-4709-88DD-DF3E4BD36AB8}.Debug|Any CPU.Deploy.0 = Debug|iPhoneSimulator
		{F1C4AC7A-1FFD-4709-88DD-DF3E4BD36AB8}.Debug|iPhone.ActiveCfg = Debug|iPhone
		{F1C4AC7A-1FFD-4709-88DD-DF3E4BD36AB8}.Debug|iPhone.Build.0 = Debug|iPhone
		{F1C4AC7A-1FFD-4709-88DD-DF3E4BD36AB8}.Debug|iPhone.Deploy.0 = Debug|iPhone
		{F1C4AC7A-1FFD-4709-88DD-DF3E4BD36AB8}.Debug|iPhoneSimulator.ActiveCfg = Debug|iPhoneSimulator
		{F1C4AC7A-1FFD-4709-88DD-DF3E4BD36AB8}.Debug|iPhoneSimulator.Build.0 = Debug|iPhoneSimulator
		{F1C4AC7A-1FFD-4709-88DD-DF3E4BD36AB8}.Debug|iPhoneSimulator.Deploy.0 = Debug|iPhoneSimulator
		{F1C4AC7A-1FFD-4709-88DD-DF3E4BD36AB8}.Release|Any CPU.ActiveCfg = Release|iPhone
		{F1C4AC7A-1FFD-4709-88DD-DF3E4BD36AB8}.Release|Any CPU.Build.0 = Release|iPhone
		{F1C4AC7A-1FFD-4709-88DD-DF3E4BD36AB8}.Release|Any CPU.Deploy.0 = Release|iPhone
		{F1C4AC7A-1FFD-4709-88DD-DF3E4BD36AB8}.Release|iPhone.ActiveCfg = Release|iPhone
		{F1C4AC7A-1FFD-4709-88DD-DF3E4BD36AB8}.Release|iPhone.Build.0 = Release|iPhone
		{F1C4AC7A-1FFD-4709-88DD-DF3E4BD36AB8}.Release|iPhone.Deploy.0 = Release|iPhone
		{F1C4AC7A-1FFD-4709-88DD-DF3E4BD36AB8}.Release|iPhoneSimulator.ActiveCfg = Release|iPhoneSimulator
		{F1C4AC7A-1FFD-4709-88DD-DF3E4BD36AB8}.Release|iPhoneSimulator.Build.0 = Release|iPhoneSimulator
		{F1C4AC7A-1FFD-4709-88DD-DF3E4BD36AB8}.Release|iPhoneSimulator.Deploy.0 = Release|iPhoneSimulator
		{B9B2416B-69D2-4287-B27C-D6B1A0E064F2}.Ad-Hoc|Any CPU.ActiveCfg = Debug|Any CPU
		{B9B2416B-69D2-4287-B27C-D6B1A0E064F2}.Ad-Hoc|Any CPU.Build.0 = Debug|Any CPU
		{B9B2416B-69D2-4287-B27C-D6B1A0E064F2}.Ad-Hoc|Any CPU.Deploy.0 = Debug|Any CPU
		{B9B2416B-69D2-4287-B27C-D6B1A0E064F2}.Ad-Hoc|iPhone.ActiveCfg = Debug|Any CPU
		{B9B2416B-69D2-4287-B27C-D6B1A0E064F2}.Ad-Hoc|iPhone.Build.0 = Debug|Any CPU
		{B9B2416B-69D2-4287-B27C-D6B1A0E064F2}.Ad-Hoc|iPhone.Deploy.0 = Debug|Any CPU
		{B9B2416B-69D2-4287-B27C-D6B1A0E064F2}.Ad-Hoc|iPhoneSimulator.ActiveCfg = Debug|Any CPU
		{B9B2416B-69D2-4287-B27C-D6B1A0E064F2}.Ad-Hoc|iPhoneSimulator.Build.0 = Debug|Any CPU
		{B9B2416B-69D2-4287-B27C-D6B1A0E064F2}.Ad-Hoc|iPhoneSimulator.Deploy.0 = Debug|Any CPU
		{B9B2416B-69D2-4287-B27C-D6B1A0E064F2}.AppStore|Any CPU.ActiveCfg = Debug|Any CPU
		{B9B2416B-69D2-4287-B27C-D6B1A0E064F2}.AppStore|Any CPU.Build.0 = Debug|Any CPU
		{B9B2416B-69D2-4287-B27C-D6B1A0E064F2}.AppStore|Any CPU.Deploy.0 = Debug|Any CPU
		{B9B2416B-69D2-4287-B27C-D6B1A0E064F2}.AppStore|iPhone.ActiveCfg = Debug|Any CPU
		{B9B2416B-69D2-4287-B27C-D6B1A0E064F2}.AppStore|iPhone.Build.0 = Debug|Any CPU
		{B9B2416B-69D2-4287-B27C-D6B1A0E064F2}.AppStore|iPhone.Deploy.0 = Debug|Any CPU
		{B9B2416B-69D2-4287-B27C-D6B1A0E064F2}.AppStore|iPhoneSimulator.ActiveCfg = Debug|Any CPU
		{B9B2416B-69D2-4287-B27C-D6B1A0E064F2}.AppStore|iPhoneSimulator.Build.0 = Debug|Any CPU
		{B9B2416B-69D2-4287-B27C-D6B1A0E064F2}.AppStore|iPhoneSimulator.Deploy.0 = Debug|Any CPU
		{B9B2416B-69D2-4287-B27C-D6B1A0E064F2}.Debug|Any CPU.ActiveCfg = Debug|Any CPU
		{B9B2416B-69D2-4287-B27C-D6B1A0E064F2}.Debug|Any CPU.Build.0 = Debug|Any CPU
		{B9B2416B-69D2-4287-B27C-D6B1A0E064F2}.Debug|Any CPU.Deploy.0 = Debug|Any CPU
		{B9B2416B-69D2-4287-B27C-D6B1A0E064F2}.Debug|iPhone.ActiveCfg = Debug|Any CPU
		{B9B2416B-69D2-4287-B27C-D6B1A0E064F2}.Debug|iPhone.Build.0 = Debug|Any CPU
		{B9B2416B-69D2-4287-B27C-D6B1A0E064F2}.Debug|iPhone.Deploy.0 = Debug|Any CPU
		{B9B2416B-69D2-4287-B27C-D6B1A0E064F2}.Debug|iPhoneSimulator.ActiveCfg = Debug|Any CPU
		{B9B2416B-69D2-4287-B27C-D6B1A0E064F2}.Debug|iPhoneSimulator.Build.0 = Debug|Any CPU
		{B9B2416B-69D2-4287-B27C-D6B1A0E064F2}.Debug|iPhoneSimulator.Deploy.0 = Debug|Any CPU
		{B9B2416B-69D2-4287-B27C-D6B1A0E064F2}.Release|Any CPU.ActiveCfg = Release|Any CPU
		{B9B2416B-69D2-4287-B27C-D6B1A0E064F2}.Release|Any CPU.Build.0 = Release|Any CPU
		{B9B2416B-69D2-4287-B27C-D6B1A0E064F2}.Release|Any CPU.Deploy.0 = Release|Any CPU
		{B9B2416B-69D2-4287-B27C-D6B1A0E064F2}.Release|iPhone.ActiveCfg = Release|Any CPU
		{B9B2416B-69D2-4287-B27C-D6B1A0E064F2}.Release|iPhone.Build.0 = Release|Any CPU
		{B9B2416B-69D2-4287-B27C-D6B1A0E064F2}.Release|iPhone.Deploy.0 = Release|Any CPU
		{B9B2416B-69D2-4287-B27C-D6B1A0E064F2}.Release|iPhoneSimulator.ActiveCfg = Release|Any CPU
		{B9B2416B-69D2-4287-B27C-D6B1A0E064F2}.Release|iPhoneSimulator.Build.0 = Release|Any CPU
		{B9B2416B-69D2-4287-B27C-D6B1A0E064F2}.Release|iPhoneSimulator.Deploy.0 = Release|Any CPU
		{01228E7A-5012-4F16-9D86-C63712C50F4D}.Ad-Hoc|Any CPU.ActiveCfg = Debug|Any CPU
		{01228E7A-5012-4F16-9D86-C63712C50F4D}.Ad-Hoc|Any CPU.Build.0 = Debug|Any CPU
		{01228E7A-5012-4F16-9D86-C63712C50F4D}.Ad-Hoc|iPhone.ActiveCfg = Debug|Any CPU
		{01228E7A-5012-4F16-9D86-C63712C50F4D}.Ad-Hoc|iPhone.Build.0 = Debug|Any CPU
		{01228E7A-5012-4F16-9D86-C63712C50F4D}.Ad-Hoc|iPhoneSimulator.ActiveCfg = Debug|Any CPU
		{01228E7A-5012-4F16-9D86-C63712C50F4D}.Ad-Hoc|iPhoneSimulator.Build.0 = Debug|Any CPU
		{01228E7A-5012-4F16-9D86-C63712C50F4D}.AppStore|Any CPU.ActiveCfg = Debug|Any CPU
		{01228E7A-5012-4F16-9D86-C63712C50F4D}.AppStore|Any CPU.Build.0 = Debug|Any CPU
		{01228E7A-5012-4F16-9D86-C63712C50F4D}.AppStore|iPhone.ActiveCfg = Debug|Any CPU
		{01228E7A-5012-4F16-9D86-C63712C50F4D}.AppStore|iPhone.Build.0 = Debug|Any CPU
		{01228E7A-5012-4F16-9D86-C63712C50F4D}.AppStore|iPhoneSimulator.ActiveCfg = Debug|Any CPU
		{01228E7A-5012-4F16-9D86-C63712C50F4D}.AppStore|iPhoneSimulator.Build.0 = Debug|Any CPU
		{01228E7A-5012-4F16-9D86-C63712C50F4D}.Debug|Any CPU.ActiveCfg = Debug|Any CPU
		{01228E7A-5012-4F16-9D86-C63712C50F4D}.Debug|Any CPU.Build.0 = Debug|Any CPU
		{01228E7A-5012-4F16-9D86-C63712C50F4D}.Debug|iPhone.ActiveCfg = Debug|Any CPU
		{01228E7A-5012-4F16-9D86-C63712C50F4D}.Debug|iPhone.Build.0 = Debug|Any CPU
		{01228E7A-5012-4F16-9D86-C63712C50F4D}.Debug|iPhoneSimulator.ActiveCfg = Debug|Any CPU
		{01228E7A-5012-4F16-9D86-C63712C50F4D}.Debug|iPhoneSimulator.Build.0 = Debug|Any CPU
		{01228E7A-5012-4F16-9D86-C63712C50F4D}.Release|Any CPU.ActiveCfg = Release|Any CPU
		{01228E7A-5012-4F16-9D86-C63712C50F4D}.Release|Any CPU.Build.0 = Release|Any CPU
		{01228E7A-5012-4F16-9D86-C63712C50F4D}.Release|iPhone.ActiveCfg = Release|Any CPU
		{01228E7A-5012-4F16-9D86-C63712C50F4D}.Release|iPhone.Build.0 = Release|Any CPU
		{01228E7A-5012-4F16-9D86-C63712C50F4D}.Release|iPhoneSimulator.ActiveCfg = Release|Any CPU
		{01228E7A-5012-4F16-9D86-C63712C50F4D}.Release|iPhoneSimulator.Build.0 = Release|Any CPU
		{7E9EC4EB-6CB9-4A35-A976-23539498C399}.Ad-Hoc|Any CPU.ActiveCfg = Release|Any CPU
		{7E9EC4EB-6CB9-4A35-A976-23539498C399}.Ad-Hoc|Any CPU.Build.0 = Release|Any CPU
		{7E9EC4EB-6CB9-4A35-A976-23539498C399}.Ad-Hoc|iPhone.ActiveCfg = Release|Any CPU
		{7E9EC4EB-6CB9-4A35-A976-23539498C399}.Ad-Hoc|iPhone.Build.0 = Release|Any CPU
		{7E9EC4EB-6CB9-4A35-A976-23539498C399}.Ad-Hoc|iPhoneSimulator.ActiveCfg = Release|Any CPU
		{7E9EC4EB-6CB9-4A35-A976-23539498C399}.Ad-Hoc|iPhoneSimulator.Build.0 = Release|Any CPU
		{7E9EC4EB-6CB9-4A35-A976-23539498C399}.AppStore|Any CPU.ActiveCfg = Release|Any CPU
		{7E9EC4EB-6CB9-4A35-A976-23539498C399}.AppStore|Any CPU.Build.0 = Release|Any CPU
		{7E9EC4EB-6CB9-4A35-A976-23539498C399}.AppStore|iPhone.ActiveCfg = Release|Any CPU
		{7E9EC4EB-6CB9-4A35-A976-23539498C399}.AppStore|iPhone.Build.0 = Release|Any CPU
		{7E9EC4EB-6CB9-4A35-A976-23539498C399}.AppStore|iPhoneSimulator.ActiveCfg = Release|Any CPU
		{7E9EC4EB-6CB9-4A35-A976-23539498C399}.AppStore|iPhoneSimulator.Build.0 = Release|Any CPU
		{7E9EC4EB-6CB9-4A35-A976-23539498C399}.Debug|Any CPU.ActiveCfg = Debug|Any CPU
		{7E9EC4EB-6CB9-4A35-A976-23539498C399}.Debug|Any CPU.Build.0 = Debug|Any CPU
		{7E9EC4EB-6CB9-4A35-A976-23539498C399}.Debug|iPhone.ActiveCfg = Debug|Any CPU
		{7E9EC4EB-6CB9-4A35-A976-23539498C399}.Debug|iPhone.Build.0 = Debug|Any CPU
		{7E9EC4EB-6CB9-4A35-A976-23539498C399}.Debug|iPhoneSimulator.ActiveCfg = Debug|Any CPU
		{7E9EC4EB-6CB9-4A35-A976-23539498C399}.Debug|iPhoneSimulator.Build.0 = Debug|Any CPU
		{7E9EC4EB-6CB9-4A35-A976-23539498C399}.Release|Any CPU.ActiveCfg = Release|Any CPU
		{7E9EC4EB-6CB9-4A35-A976-23539498C399}.Release|Any CPU.Build.0 = Release|Any CPU
		{7E9EC4EB-6CB9-4A35-A976-23539498C399}.Release|iPhone.ActiveCfg = Release|Any CPU
		{7E9EC4EB-6CB9-4A35-A976-23539498C399}.Release|iPhone.Build.0 = Release|Any CPU
		{7E9EC4EB-6CB9-4A35-A976-23539498C399}.Release|iPhoneSimulator.ActiveCfg = Release|Any CPU
		{7E9EC4EB-6CB9-4A35-A976-23539498C399}.Release|iPhoneSimulator.Build.0 = Release|Any CPU
		{D8F2C69A-70EF-4D5A-9FB8-96C79E885F48}.Ad-Hoc|Any CPU.ActiveCfg = Debug|Any CPU
		{D8F2C69A-70EF-4D5A-9FB8-96C79E885F48}.Ad-Hoc|Any CPU.Build.0 = Debug|Any CPU
		{D8F2C69A-70EF-4D5A-9FB8-96C79E885F48}.Ad-Hoc|iPhone.ActiveCfg = Debug|Any CPU
		{D8F2C69A-70EF-4D5A-9FB8-96C79E885F48}.Ad-Hoc|iPhone.Build.0 = Debug|Any CPU
		{D8F2C69A-70EF-4D5A-9FB8-96C79E885F48}.Ad-Hoc|iPhoneSimulator.ActiveCfg = Debug|Any CPU
		{D8F2C69A-70EF-4D5A-9FB8-96C79E885F48}.Ad-Hoc|iPhoneSimulator.Build.0 = Debug|Any CPU
		{D8F2C69A-70EF-4D5A-9FB8-96C79E885F48}.AppStore|Any CPU.ActiveCfg = Debug|Any CPU
		{D8F2C69A-70EF-4D5A-9FB8-96C79E885F48}.AppStore|Any CPU.Build.0 = Debug|Any CPU
		{D8F2C69A-70EF-4D5A-9FB8-96C79E885F48}.AppStore|iPhone.ActiveCfg = Debug|Any CPU
		{D8F2C69A-70EF-4D5A-9FB8-96C79E885F48}.AppStore|iPhone.Build.0 = Debug|Any CPU
		{D8F2C69A-70EF-4D5A-9FB8-96C79E885F48}.AppStore|iPhoneSimulator.ActiveCfg = Debug|Any CPU
		{D8F2C69A-70EF-4D5A-9FB8-96C79E885F48}.AppStore|iPhoneSimulator.Build.0 = Debug|Any CPU
		{D8F2C69A-70EF-4D5A-9FB8-96C79E885F48}.Debug|Any CPU.ActiveCfg = Debug|Any CPU
		{D8F2C69A-70EF-4D5A-9FB8-96C79E885F48}.Debug|Any CPU.Build.0 = Debug|Any CPU
		{D8F2C69A-70EF-4D5A-9FB8-96C79E885F48}.Debug|iPhone.ActiveCfg = Debug|Any CPU
		{D8F2C69A-70EF-4D5A-9FB8-96C79E885F48}.Debug|iPhone.Build.0 = Debug|Any CPU
		{D8F2C69A-70EF-4D5A-9FB8-96C79E885F48}.Debug|iPhoneSimulator.ActiveCfg = Debug|Any CPU
		{D8F2C69A-70EF-4D5A-9FB8-96C79E885F48}.Debug|iPhoneSimulator.Build.0 = Debug|Any CPU
		{D8F2C69A-70EF-4D5A-9FB8-96C79E885F48}.Release|Any CPU.ActiveCfg = Release|Any CPU
		{D8F2C69A-70EF-4D5A-9FB8-96C79E885F48}.Release|Any CPU.Build.0 = Release|Any CPU
		{D8F2C69A-70EF-4D5A-9FB8-96C79E885F48}.Release|iPhone.ActiveCfg = Release|Any CPU
		{D8F2C69A-70EF-4D5A-9FB8-96C79E885F48}.Release|iPhone.Build.0 = Release|Any CPU
		{D8F2C69A-70EF-4D5A-9FB8-96C79E885F48}.Release|iPhoneSimulator.ActiveCfg = Release|Any CPU
		{D8F2C69A-70EF-4D5A-9FB8-96C79E885F48}.Release|iPhoneSimulator.Build.0 = Release|Any CPU
	EndGlobalSection
	GlobalSection(SolutionProperties) = preSolution
		HideSolutionNode = FALSE
	EndGlobalSection
	GlobalSection(ExtensibilityGlobals) = postSolution
		SolutionGuid = {8771FD31-1D23-4D54-804F-B2CCC61B1168}
	EndGlobalSection
EndGlobal
